
Microsoft Visual Studio Solution File, Format Version 12.00
# Visual Studio 15
VisualStudioVersion = 15.0.27004.2009
MinimumVisualStudioVersion = 10.0.40219.1
Project("{FAE04EC0-301F-11D3-BF4B-00C04F79EFBC}") = "LearnTechnically", "LearnTechnically\LearnTechnically.csproj", "{8629E012-3A65-4DFD-B32B-481BDF95A57C}"
EndProject
Global
	GlobalSection(SolutionConfigurationPlatforms) = preSolution
		Debug|Any CPU = Debug|Any CPU
		Release|Any CPU = Release|Any CPU
	EndGlobalSection
	GlobalSection(ProjectConfigurationPlatforms) = postSolution
		{8629E012-3A65-4DFD-B32B-481BDF95A57C}.Debug|Any CPU.ActiveCfg = Debug|Any CPU
		{8629E012-3A65-4DFD-B32B-481BDF95A57C}.Debug|Any CPU.Build.0 = Debug|Any CPU
		{8629E012-3A65-4DFD-B32B-481BDF95A57C}.Release|Any CPU.ActiveCfg = Release|Any CPU
		{8629E012-3A65-4DFD-B32B-481BDF95A57C}.Release|Any CPU.Build.0 = Release|Any CPU
	EndGlobalSection
	GlobalSection(SolutionProperties) = preSolution
		HideSolutionNode = FALSE
	EndGlobalSection
	GlobalSection(ExtensibilityGlobals) = postSolution
		SolutionGuid = {90159E36-FB29-4DB3-95A9-D2F35A48541F}
	EndGlobalSection
EndGlobal
